
Microsoft Visual Studio Solution File, Format Version 12.00
# Visual Studio 15
VisualStudioVersion = 15.0.26730.16
MinimumVisualStudioVersion = 10.0.40219.1
Project("{FAE04EC0-301F-11D3-BF4B-00C04F79EFBC}") = "de.inc47.SpellSheet", "de.inc47.SpellSheet\de.inc47.SpellSheet.csproj", "{5FF0AF2F-FA9B-4BB4-AB8C-A950D501E560}"
EndProject
Project("{2150E333-8FDC-42A3-9474-1A3956D46DE8}") = "Test", "Test", "{16919BAD-E483-428A-8C4A-137B30AC493E}"
EndProject
Project("{FAE04EC0-301F-11D3-BF4B-00C04F79EFBC}") = "de.inc47.SpellSheet.IO.Test", "de.inc47.SpellSheet.IO.Test\de.inc47.SpellSheet.IO.Test.csproj", "{031E3F46-0BBF-44EC-A2D1-5B285442A185}"
EndProject
Project("{FAE04EC0-301F-11D3-BF4B-00C04F79EFBC}") = "de.inc47.Spells", "Spells\de.inc47.Spells.csproj", "{0E8D7EE9-F94F-412F-8766-E03209D39D89}"
EndProject
Project("{FAE04EC0-301F-11D3-BF4B-00C04F79EFBC}") = "de.inc47.SpellSheet.IO", "de.inc47.SpellSheet.IO\de.inc47.SpellSheet.IO.csproj", "{E7E2418B-D152-4AD5-9E3C-16BFD18521FE}"
EndProject
Project("{FAE04EC0-301F-11D3-BF4B-00C04F79EFBC}") = "de.inc47.SpellSheet.Preview", "de.inc47.SpellSheet.Preview\de.inc47.SpellSheet.Preview.csproj", "{A4BCCF6D-EC3B-4F1F-81A0-F0BEDCD20E01}"
EndProject
Project("{FAE04EC0-301F-11D3-BF4B-00C04F79EFBC}") = "de.inc47.SpellSheet.Preview.ViewModel", "de.inc47.SpellSheet.Preview.ViewModel\de.inc47.SpellSheet.Preview.ViewModel.csproj", "{0BEF2B38-D305-4AE9-95A1-76B5355A275A}"
EndProject
Project("{FAE04EC0-301F-11D3-BF4B-00C04F79EFBC}") = "de.inc47.SpellSheet.Render", "de.inc47.SpellSheet.Render\de.inc47.SpellSheet.Render.csproj", "{0EDFBFCD-1890-46A1-8D92-13E8A3DB69B6}"
EndProject
Project("{FAE04EC0-301F-11D3-BF4B-00C04F79EFBC}") = "de.inc47.SpellSheet.Template", "de.inc47.SpellSheet.Template\de.inc47.SpellSheet.Template.csproj", "{0FADC663-03AA-4A7C-BF1B-E7EC2E3EC553}"
EndProject
Project("{FAE04EC0-301F-11D3-BF4B-00C04F79EFBC}") = "de.inc47.SpellSheet.Render.Test", "de.inc47.SpellSheet.Render.Test\de.inc47.SpellSheet.Render.Test.csproj", "{95F81BDA-7CC2-407C-9AD0-04B7C9EB959B}"
EndProject
Project("{FAE04EC0-301F-11D3-BF4B-00C04F79EFBC}") = "de.inc47.Spells.Test", "de.inc47.Spells.Test\de.inc47.Spells.Test.csproj", "{8B1F15A9-465A-41ED-B062-60BC5DA94E34}"
EndProject
Project("{FAE04EC0-301F-11D3-BF4B-00C04F79EFBC}") = "de.inc47.SpellSheet.Template.Test", "de.inc47.SpellSheet.Template.Test\de.inc47.SpellSheet.Template.Test.csproj", "{E6B1CD68-7A02-43CD-9F35-DE35412A95A8}"
EndProject
Global
	GlobalSection(SolutionConfigurationPlatforms) = preSolution
		Debug|Any CPU = Debug|Any CPU
		Release|Any CPU = Release|Any CPU
	EndGlobalSection
	GlobalSection(ProjectConfigurationPlatforms) = postSolution
		{5FF0AF2F-FA9B-4BB4-AB8C-A950D501E560}.Debug|Any CPU.ActiveCfg = Debug|Any CPU
		{5FF0AF2F-FA9B-4BB4-AB8C-A950D501E560}.Debug|Any CPU.Build.0 = Debug|Any CPU
		{5FF0AF2F-FA9B-4BB4-AB8C-A950D501E560}.Release|Any CPU.ActiveCfg = Release|Any CPU
		{5FF0AF2F-FA9B-4BB4-AB8C-A950D501E560}.Release|Any CPU.Build.0 = Release|Any CPU
		{031E3F46-0BBF-44EC-A2D1-5B285442A185}.Debug|Any CPU.ActiveCfg = Debug|Any CPU
		{031E3F46-0BBF-44EC-A2D1-5B285442A185}.Debug|Any CPU.Build.0 = Debug|Any CPU
		{031E3F46-0BBF-44EC-A2D1-5B285442A185}.Release|Any CPU.ActiveCfg = Release|Any CPU
		{031E3F46-0BBF-44EC-A2D1-5B285442A185}.Release|Any CPU.Build.0 = Release|Any CPU
		{0E8D7EE9-F94F-412F-8766-E03209D39D89}.Debug|Any CPU.ActiveCfg = Debug|Any CPU
		{0E8D7EE9-F94F-412F-8766-E03209D39D89}.Debug|Any CPU.Build.0 = Debug|Any CPU
		{0E8D7EE9-F94F-412F-8766-E03209D39D89}.Release|Any CPU.ActiveCfg = Release|Any CPU
		{0E8D7EE9-F94F-412F-8766-E03209D39D89}.Release|Any CPU.Build.0 = Release|Any CPU
		{E7E2418B-D152-4AD5-9E3C-16BFD18521FE}.Debug|Any CPU.ActiveCfg = Debug|Any CPU
		{E7E2418B-D152-4AD5-9E3C-16BFD18521FE}.Debug|Any CPU.Build.0 = Debug|Any CPU
		{E7E2418B-D152-4AD5-9E3C-16BFD18521FE}.Release|Any CPU.ActiveCfg = Release|Any CPU
		{E7E2418B-D152-4AD5-9E3C-16BFD18521FE}.Release|Any CPU.Build.0 = Release|Any CPU
		{A4BCCF6D-EC3B-4F1F-81A0-F0BEDCD20E01}.Debug|Any CPU.ActiveCfg = Debug|Any CPU
		{A4BCCF6D-EC3B-4F1F-81A0-F0BEDCD20E01}.Debug|Any CPU.Build.0 = Debug|Any CPU
		{A4BCCF6D-EC3B-4F1F-81A0-F0BEDCD20E01}.Release|Any CPU.ActiveCfg = Release|Any CPU
		{A4BCCF6D-EC3B-4F1F-81A0-F0BEDCD20E01}.Release|Any CPU.Build.0 = Release|Any CPU
		{0BEF2B38-D305-4AE9-95A1-76B5355A275A}.Debug|Any CPU.ActiveCfg = Debug|Any CPU
		{0BEF2B38-D305-4AE9-95A1-76B5355A275A}.Debug|Any CPU.Build.0 = Debug|Any CPU
		{0BEF2B38-D305-4AE9-95A1-76B5355A275A}.Release|Any CPU.ActiveCfg = Release|Any CPU
		{0BEF2B38-D305-4AE9-95A1-76B5355A275A}.Release|Any CPU.Build.0 = Release|Any CPU
		{0EDFBFCD-1890-46A1-8D92-13E8A3DB69B6}.Debug|Any CPU.ActiveCfg = Debug|Any CPU
		{0EDFBFCD-1890-46A1-8D92-13E8A3DB69B6}.Debug|Any CPU.Build.0 = Debug|Any CPU
		{0EDFBFCD-1890-46A1-8D92-13E8A3DB69B6}.Release|Any CPU.ActiveCfg = Release|Any CPU
		{0EDFBFCD-1890-46A1-8D92-13E8A3DB69B6}.Release|Any CPU.Build.0 = Release|Any CPU
		{0FADC663-03AA-4A7C-BF1B-E7EC2E3EC553}.Debug|Any CPU.ActiveCfg = Debug|Any CPU
		{0FADC663-03AA-4A7C-BF1B-E7EC2E3EC553}.Debug|Any CPU.Build.0 = Debug|Any CPU
		{0FADC663-03AA-4A7C-BF1B-E7EC2E3EC553}.Release|Any CPU.ActiveCfg = Release|Any CPU
		{0FADC663-03AA-4A7C-BF1B-E7EC2E3EC553}.Release|Any CPU.Build.0 = Release|Any CPU
		{95F81BDA-7CC2-407C-9AD0-04B7C9EB959B}.Debug|Any CPU.ActiveCfg = Debug|Any CPU
		{95F81BDA-7CC2-407C-9AD0-04B7C9EB959B}.Debug|Any CPU.Build.0 = Debug|Any CPU
		{95F81BDA-7CC2-407C-9AD0-04B7C9EB959B}.Release|Any CPU.ActiveCfg = Release|Any CPU
		{95F81BDA-7CC2-407C-9AD0-04B7C9EB959B}.Release|Any CPU.Build.0 = Release|Any CPU
		{8B1F15A9-465A-41ED-B062-60BC5DA94E34}.Debug|Any CPU.ActiveCfg = Debug|Any CPU
		{8B1F15A9-465A-41ED-B062-60BC5DA94E34}.Debug|Any CPU.Build.0 = Debug|Any CPU
		{8B1F15A9-465A-41ED-B062-60BC5DA94E34}.Release|Any CPU.ActiveCfg = Release|Any CPU
		{8B1F15A9-465A-41ED-B062-60BC5DA94E34}.Release|Any CPU.Build.0 = Release|Any CPU
		{E6B1CD68-7A02-43CD-9F35-DE35412A95A8}.Debug|Any CPU.ActiveCfg = Debug|Any CPU
		{E6B1CD68-7A02-43CD-9F35-DE35412A95A8}.Debug|Any CPU.Build.0 = Debug|Any CPU
		{E6B1CD68-7A02-43CD-9F35-DE35412A95A8}.Release|Any CPU.ActiveCfg = Release|Any CPU
		{E6B1CD68-7A02-43CD-9F35-DE35412A95A8}.Release|Any CPU.Build.0 = Release|Any CPU
	EndGlobalSection
	GlobalSection(SolutionProperties) = preSolution
		HideSolutionNode = FALSE
	EndGlobalSection
	GlobalSection(NestedProjects) = preSolution
		{031E3F46-0BBF-44EC-A2D1-5B285442A185} = {16919BAD-E483-428A-8C4A-137B30AC493E}
		{95F81BDA-7CC2-407C-9AD0-04B7C9EB959B} = {16919BAD-E483-428A-8C4A-137B30AC493E}
		{8B1F15A9-465A-41ED-B062-60BC5DA94E34} = {16919BAD-E483-428A-8C4A-137B30AC493E}
		{E6B1CD68-7A02-43CD-9F35-DE35412A95A8} = {16919BAD-E483-428A-8C4A-137B30AC493E}
	EndGlobalSection
	GlobalSection(ExtensibilityGlobals) = postSolution
		SolutionGuid = {9CE6AC19-5457-4D59-9E18-4ACD236AAC6D}
	EndGlobalSection
EndGlobal
